// !$*UTF8*$!
{
	archiveVersion = 1;
	classes = {
	};
	objectVersion = 50;
	objects = {

/* Begin PBXBuildFile section */
		C57E12EE21A7E23D003C5DBB /* AppDelegate.swift in Sources */ = {isa = PBXBuildFile; fileRef = C57E12ED21A7E23D003C5DBB /* AppDelegate.swift */; };
		C57E12F021A7E23D003C5DBB /* ViewController.swift in Sources */ = {isa = PBXBuildFile; fileRef = C57E12EF21A7E23D003C5DBB /* ViewController.swift */; };
		C57E12F321A7E23D003C5DBB /* Main.storyboard in Resources */ = {isa = PBXBuildFile; fileRef = C57E12F121A7E23D003C5DBB /* Main.storyboard */; };
		C57E12F521A7E23F003C5DBB /* Assets.xcassets in Resources */ = {isa = PBXBuildFile; fileRef = C57E12F421A7E23F003C5DBB /* Assets.xcassets */; };
		C57E12F821A7E23F003C5DBB /* LaunchScreen.storyboard in Resources */ = {isa = PBXBuildFile; fileRef = C57E12F621A7E23F003C5DBB /* LaunchScreen.storyboard */; };
		C57E130021A7E8E3003C5DBB /* ChatService.swift in Sources */ = {isa = PBXBuildFile; fileRef = C57E12FF21A7E8E3003C5DBB /* ChatService.swift */; };
/* End PBXBuildFile section */

/* Begin PBXFileReference section */
		C57E12EA21A7E23D003C5DBB /* testMultipeer1123.app */ = {isa = PBXFileReference; explicitFileType = wrapper.application; includeInIndex = 0; path = testMultipeer1123.app; sourceTree = BUILT_PRODUCTS_DIR; };
		C57E12ED21A7E23D003C5DBB /* AppDelegate.swift */ = {isa = PBXFileReference; lastKnownFileType = sourcecode.swift; path = AppDelegate.swift; sourceTree = "<group>"; };
		C57E12EF21A7E23D003C5DBB /* ViewController.swift */ = {isa = PBXFileReference; lastKnownFileType = sourcecode.swift; path = ViewController.swift; sourceTree = "<group>"; };
		C57E12F221A7E23D003C5DBB /* Base */ = {isa = PBXFileReference; lastKnownFileType = file.storyboard; name = Base; path = Base.lproj/Main.storyboard; sourceTree = "<group>"; };
		C57E12F421A7E23F003C5DBB /* Assets.xcassets */ = {isa = PBXFileReference; lastKnownFileType = folder.assetcatalog; path = Assets.xcassets; sourceTree = "<group>"; };
		C57E12F721A7E23F003C5DBB /* Base */ = {isa = PBXFileReference; lastKnownFileType = file.storyboard; name = Base; path = Base.lproj/LaunchScreen.storyboard; sourceTree = "<group>"; };
		C57E12F921A7E23F003C5DBB /* Info.plist */ = {isa = PBXFileReference; lastKnownFileType = text.plist.xml; path = Info.plist; sourceTree = "<group>"; };
		C57E12FF21A7E8E3003C5DBB /* ChatService.swift */ = {isa = PBXFileReference; lastKnownFileType = sourcecode.swift; path = ChatService.swift; sourceTree = "<group>"; };
/* End PBXFileReference section */

/* Begin PBXFrameworksBuildPhase section */
		C57E12E721A7E23D003C5DBB /* Frameworks */ = {
			isa = PBXFrameworksBuildPhase;
			buildActionMask = 2147483647;
			files = (
			);
			runOnlyForDeploymentPostprocessing = 0;
		};
/* End PBXFrameworksBuildPhase section */

/* Begin PBXGroup section */
		C57E12E121A7E23D003C5DBB = {
			isa = PBXGroup;
			children = (
				C57E12EC21A7E23D003C5DBB /* testMultipeer1123 */,
				C57E12EB21A7E23D003C5DBB /* Products */,
			);
			sourceTree = "<group>";
		};
		C57E12EB21A7E23D003C5DBB /* Products */ = {
			isa = PBXGroup;
			children = (
				C57E12EA21A7E23D003C5DBB /* testMultipeer1123.app */,
			);
			name = Products;
			sourceTree = "<group>";
		};
		C57E12EC21A7E23D003C5DBB /* testMultipeer1123 */ = {
			isa = PBXGroup;
			children = (
				C57E12ED21A7E23D003C5DBB /* AppDelegate.swift */,
				C57E12EF21A7E23D003C5DBB /* ViewController.swift */,
				C57E12F121A7E23D003C5DBB /* Main.storyboard */,
				C57E12F421A7E23F003C5DBB /* Assets.xcassets */,
				C57E12F621A7E23F003C5DBB /* LaunchScreen.storyboard */,
				C57E12F921A7E23F003C5DBB /* Info.plist */,
				C57E12FF21A7E8E3003C5DBB /* ChatService.swift */,
			);
			path = testMultipeer1123;
			sourceTree = "<group>";
		};
/* End PBXGroup section */

/* Begin PBXNativeTarget section */
		C57E12E921A7E23D003C5DBB /* testMultipeer1123 */ = {
			isa = PBXNativeTarget;
			buildConfigurationList = C57E12FC21A7E23F003C5DBB /* Build configuration list for PBXNativeTarget "testMultipeer1123" */;
			buildPhases = (
				C57E12E621A7E23D003C5DBB /* Sources */,
				C57E12E721A7E23D003C5DBB /* Frameworks */,
				C57E12E821A7E23D003C5DBB /* Resources */,
			);
			buildRules = (
			);
			dependencies = (
			);
			name = testMultipeer1123;
			productName = testMultipeer1123;
			productReference = C57E12EA21A7E23D003C5DBB /* testMultipeer1123.app */;
			productType = "com.apple.product-type.application";
		};
/* End PBXNativeTarget section */

/* Begin PBXProject section */
		C57E12E221A7E23D003C5DBB /* Project object */ = {
			isa = PBXProject;
			attributes = {
				LastSwiftUpdateCheck = 1010;
				LastUpgradeCheck = 1010;
				ORGANIZATIONNAME = Betty;
				TargetAttributes = {
					C57E12E921A7E23D003C5DBB = {
						CreatedOnToolsVersion = 10.1;
					};
				};
			};
			buildConfigurationList = C57E12E521A7E23D003C5DBB /* Build configuration list for PBXProject "testMultipeer1123" */;
			compatibilityVersion = "Xcode 9.3";
			developmentRegion = en;
			hasScannedForEncodings = 0;
			knownRegions = (
				en,
				Base,
			);
			mainGroup = C57E12E121A7E23D003C5DBB;
			productRefGroup = C57E12EB21A7E23D003C5DBB /* Products */;
			projectDirPath = "";
			projectRoot = "";
			targets = (
				C57E12E921A7E23D003C5DBB /* testMultipeer1123 */,
			);
		};
/* End PBXProject section */

/* Begin PBXResourcesBuildPhase section */
		C57E12E821A7E23D003C5DBB /* Resources */ = {
			isa = PBXResourcesBuildPhase;
			buildActionMask = 2147483647;
			files = (
				C57E12F821A7E23F003C5DBB /* LaunchScreen.storyboard in Resources */,
				C57E12F521A7E23F003C5DBB /* Assets.xcassets in Resources */,
				C57E12F321A7E23D003C5DBB /* Main.storyboard in Resources */,
			);
			runOnlyForDeploymentPostprocessing = 0;
		};
/* End PBXResourcesBuildPhase section */

/* Begin PBXSourcesBuildPhase section */
		C57E12E621A7E23D003C5DBB /* Sources */ = {
			isa = PBXSourcesBuildPhase;
			buildActionMask = 2147483647;
			files = (
				C57E12F021A7E23D003C5DBB /* ViewController.swift in Sources */,
				C57E12EE21A7E23D003C5DBB /* AppDelegate.swift in Sources */,
				C57E130021A7E8E3003C5DBB /* ChatService.swift in Sources */,
			);
			runOnlyForDeploymentPostprocessing = 0;
		};
/* End PBXSourcesBuildPhase section */

/* Begin PBXVariantGroup section */
		C57E12F121A7E23D003C5DBB /* Main.storyboard */ = {
			isa = PBXVariantGroup;
			children = (
				C57E12F221A7E23D003C5DBB /* Base */,
			);
			name = Main.storyboard;
			sourceTree = "<group>";
		};
		C57E12F621A7E23F003C5DBB /* LaunchScreen.storyboard */ = {
			isa = PBXVariantGroup;
			children = (
				C57E12F721A7E23F003C5DBB /* Base */,
			);
			name = LaunchScreen.storyboard;
			sourceTree = "<group>";
		};
/* End PBXVariantGroup section */

/* Begin XCBuildConfiguration section */
		C57E12FA21A7E23F003C5DBB /* Debug */ = {
			isa = XCBuildConfiguration;
			buildSettings = {
				ALWAYS_SEARCH_USER_PATHS = NO;
				CLANG_ANALYZER_NONNULL = YES;
				CLANG_ANALYZER_NUMBER_OBJECT_CONVERSION = YES_AGGRESSIVE;
				CLANG_CXX_LANGUAGE_STANDARD = "gnu++14";
				CLANG_CXX_LIBRARY = "libc++";
				CLANG_ENABLE_MODULES = YES;
				CLANG_ENABLE_OBJC_ARC = YES;
				CLANG_ENABLE_OBJC_WEAK = YES;
				CLANG_WARN_BLOCK_CAPTURE_AUTORELEASING = YES;
				CLANG_WARN_BOOL_CONVERSION = YES;
				CLANG_WARN_COMMA = YES;
				CLANG_WARN_CONSTANT_CONVERSION = YES;
				CLANG_WARN_DEPRECATED_OBJC_IMPLEMENTATIONS = YES;
				CLANG_WARN_DIRECT_OBJC_ISA_USAGE = YES_ERROR;
				CLANG_WARN_DOCUMENTATION_COMMENTS = YES;
				CLANG_WARN_EMPTY_BODY = YES;
				CLANG_WARN_ENUM_CONVERSION = YES;
				CLANG_WARN_INFINITE_RECURSION = YES;
				CLANG_WARN_INT_CONVERSION = YES;
				CLANG_WARN_NON_LITERAL_NULL_CONVERSION = YES;
				CLANG_WARN_OBJC_IMPLICIT_RETAIN_SELF = YES;
				CLANG_WARN_OBJC_LITERAL_CONVERSION = YES;
				CLANG_WARN_OBJC_ROOT_CLASS = YES_ERROR;
				CLANG_WARN_RANGE_LOOP_ANALYSIS = YES;
				CLANG_WARN_STRICT_PROTOTYPES = YES;
				CLANG_WARN_SUSPICIOUS_MOVE = YES;
				CLANG_WARN_UNGUARDED_AVAILABILITY = YES_AGGRESSIVE;
				CLANG_WARN_UNREACHABLE_CODE = YES;
				CLANG_WARN__DUPLICATE_METHOD_MATCH = YES;
				CODE_SIGN_IDENTITY = "iPhone Developer";
				COPY_PHASE_STRIP = NO;
				DEBUG_INFORMATION_FORMAT = dwarf;
				ENABLE_STRICT_OBJC_MSGSEND = YES;
				ENABLE_TESTABILITY = YES;
				GCC_C_LANGUAGE_STANDARD = gnu11;
				GCC_DYNAMIC_NO_PIC = NO;
				GCC_NO_COMMON_BLOCKS = YES;
				GCC_OPTIMIZATION_LEVEL = 0;
				GCC_PREPROCESSOR_DEFINITIONS = (
					"DEBUG=1",
					"$(inherited)",
				);
				GCC_WARN_64_TO_32_BIT_CONVERSION = YES;
				GCC_WARN_ABOUT_RETURN_TYPE = YES_ERROR;
				GCC_WARN_UNDECLARED_SELECTOR = YES;
				GCC_WARN_UNINITIALIZED_AUTOS = YES_AGGRESSIVE;
				GCC_WARN_UNUSED_FUNCTION = YES;
				GCC_WARN_UNUSED_VARIABLE = YES;
				IPHONEOS_DEPLOYMENT_TARGET = 12.1;
				MTL_ENABLE_DEBUG_INFO = INCLUDE_SOURCE;
				MTL_FAST_MATH = YES;
				ONLY_ACTIVE_ARCH = YES;
				SDKROOT = iphoneos;
				SWIFT_ACTIVE_COMPILATION_CONDITIONS = DEBUG;
				SWIFT_OPTIMIZATION_LEVEL = "-Onone";
			};
			name = Debug;
		};
		C57E12FB21A7E23F003C5DBB /* Release */ = {
			isa = XCBuildConfiguration;
			buildSettings = {
				ALWAYS_SEARCH_USER_PATHS = NO;
				CLANG_ANALYZER_NONNULL = YES;
				CLANG_ANALYZER_NUMBER_OBJECT_CONVERSION = YES_AGGRESSIVE;
				CLANG_CXX_LANGUAGE_STANDARD = "gnu++14";
				CLANG_CXX_LIBRARY = "libc++";
				CLANG_ENABLE_MODULES = YES;
				CLANG_ENABLE_OBJC_ARC = YES;
				CLANG_ENABLE_OBJC_WEAK = YES;
				CLANG_WARN_BLOCK_CAPTURE_AUTORELEASING = YES;
				CLANG_WARN_BOOL_CONVERSION = YES;
				CLANG_WARN_COMMA = YES;
				CLANG_WARN_CONSTANT_CONVERSION = YES;
				CLANG_WARN_DEPRECATED_OBJC_IMPLEMENTATIONS = YES;
				CLANG_WARN_DIRECT_OBJC_ISA_USAGE = YES_ERROR;
				CLANG_WARN_DOCUMENTATION_COMMENTS = YES;
				CLANG_WARN_EMPTY_BODY = YES;
				CLANG_WARN_ENUM_CONVERSION = YES;
				CLANG_WARN_INFINITE_RECURSION = YES;
				CLANG_WARN_INT_CONVERSION = YES;
				CLANG_WARN_NON_LITERAL_NULL_CONVERSION = YES;
				CLANG_WARN_OBJC_IMPLICIT_RETAIN_SELF = YES;
				CLANG_WARN_OBJC_LITERAL_CONVERSION = YES;
				CLANG_WARN_OBJC_ROOT_CLASS = YES_ERROR;
				CLANG_WARN_RANGE_LOOP_ANALYSIS = YES;
				CLANG_WARN_STRICT_PROTOTYPES = YES;
				CLANG_WARN_SUSPICIOUS_MOVE = YES;
				CLANG_WARN_UNGUARDED_AVAILABILITY = YES_AGGRESSIVE;
				CLANG_WARN_UNREACHABLE_CODE = YES;
				CLANG_WARN__DUPLICATE_METHOD_MATCH = YES;
				CODE_SIGN_IDENTITY = "iPhone Developer";
				COPY_PHASE_STRIP = NO;
				DEBUG_INFORMATION_FORMAT = "dwarf-with-dsym";
				ENABLE_NS_ASSERTIONS = NO;
				ENABLE_STRICT_OBJC_MSGSEND = YES;
				GCC_C_LANGUAGE_STANDARD = gnu11;
				GCC_NO_COMMON_BLOCKS = YES;
				GCC_WARN_64_TO_32_BIT_CONVERSION = YES;
				GCC_WARN_ABOUT_RETURN_TYPE = YES_ERROR;
				GCC_WARN_UNDECLARED_SELECTOR = YES;
				GCC_WARN_UNINITIALIZED_AUTOS = YES_AGGRESSIVE;
				GCC_WARN_UNUSED_FUNCTION = YES;
				GCC_WARN_UNUSED_VARIABLE = YES;
				IPHONEOS_DEPLOYMENT_TARGET = 12.1;
				MTL_ENABLE_DEBUG_INFO = NO;
				MTL_FAST_MATH = YES;
				SDKROOT = iphoneos;
				SWIFT_COMPILATION_MODE = wholemodule;
				SWIFT_OPTIMIZATION_LEVEL = "-O";
				VALIDATE_PRODUCT = YES;
			};
			name = Release;
		};
		C57E12FD21A7E23F003C5DBB /* Debug */ = {
			isa = XCBuildConfiguration;
			buildSettings = {
				ASSETCATALOG_COMPILER_APPICON_NAME = AppIcon;
				CODE_SIGN_STYLE = Automatic;
				DEVELOPMENT_TEAM = 9W2436A8SV;
				INFOPLIST_FILE = testMultipeer1123/Info.plist;
				LD_RUNPATH_SEARCH_PATHS = (
					"$(inherited)",
					"@executable_path/Frameworks",
				);
				PRODUCT_BUNDLE_IDENTIFIER = b.testMultipeer1123;
				PRODUCT_NAME = "$(TARGET_NAME)";
				SWIFT_VERSION = 4.2;
				TARGETED_DEVICE_FAMILY = "1,2";
			};
			name = Debug;
		};
		C57E12FE21A7E23F003C5DBB /* Release */ = {
			isa = XCBuildConfiguration;
			buildSettings = {
				ASSETCATALOG_COMPILER_APPICON_NAME = AppIcon;
				CODE_SIGN_STYLE = Automatic;
				DEVELOPMENT_TEAM = 9W2436A8SV;
				INFOPLIST_FILE = testMultipeer1123/Info.plist;
				LD_RUNPATH_SEARCH_PATHS = (
					"$(inherited)",
					"@executable_path/Frameworks",
				);
				PRODUCT_BUNDLE_IDENTIFIER = b.testMultipeer1123;
				PRODUCT_NAME = "$(TARGET_NAME)";
				SWIFT_VERSION = 4.2;
				TARGETED_DEVICE_FAMILY = "1,2";
			};
			name = Release;
		};
/* End XCBuildConfiguration section */

/* Begin XCConfigurationList section */
		C57E12E521A7E23D003C5DBB /* Build configuration list for PBXProject "testMultipeer1123" */ = {
			isa = XCConfigurationList;
			buildConfigurations = (
				C57E12FA21A7E23F003C5DBB /* Debug */,
				C57E12FB21A7E23F003C5DBB /* Release */,
			);
			defaultConfigurationIsVisible = 0;
			defaultConfigurationName = Release;
		};
		C57E12FC21A7E23F003C5DBB /* Build configuration list for PBXNativeTarget "testMultipeer1123" */ = {
			isa = XCConfigurationList;
			buildConfigurations = (
				C57E12FD21A7E23F003C5DBB /* Debug */,
				C57E12FE21A7E23F003C5DBB /* Release */,
			);
			defaultConfigurationIsVisible = 0;
			defaultConfigurationName = Release;
		};
/* End XCConfigurationList section */
	};
	rootObject = C57E12E221A7E23D003C5DBB /* Project object */;
}
